
Microsoft Visual Studio Solution File, Format Version 12.00
# Visual Studio Version 17
VisualStudioVersion = 17.1.32328.378
MinimumVisualStudioVersion = 10.0.40219.1
Project("{FAE04EC0-301F-11D3-BF4B-00C04F79EFBC}") = "HeapStackPractice", "HeapStackPractice\HeapStackPractice.csproj", "{C58AFB8E-D816-4ED1-A856-0E3C18163893}"
EndProject
Global
	GlobalSection(SolutionConfigurationPlatforms) = preSolution
		Debug|Any CPU = Debug|Any CPU
		Release|Any CPU = Release|Any CPU
	EndGlobalSection
	GlobalSection(ProjectConfigurationPlatforms) = postSolution
		{C58AFB8E-D816-4ED1-A856-0E3C18163893}.Debug|Any CPU.ActiveCfg = Debug|Any CPU
		{C58AFB8E-D816-4ED1-A856-0E3C18163893}.Debug|Any CPU.Build.0 = Debug|Any CPU
		{C58AFB8E-D816-4ED1-A856-0E3C18163893}.Release|Any CPU.ActiveCfg = Release|Any CPU
		{C58AFB8E-D816-4ED1-A856-0E3C18163893}.Release|Any CPU.Build.0 = Release|Any CPU
	EndGlobalSection
	GlobalSection(SolutionProperties) = preSolution
		HideSolutionNode = FALSE
	EndGlobalSection
	GlobalSection(ExtensibilityGlobals) = postSolution
		SolutionGuid = {7B866E43-AF50-44C3-98EB-8FE7B9AC0B27}
	EndGlobalSection
EndGlobal
